{
  "requires": true,
  "lockfileVersion": 1,
  "dependencies": {
    "wx-caman": {
      "version": "1.0.1",
      "resolved": "https://registry.npmjs.org/wx-caman/-/wx-caman-1.0.1.tgz",
      "integrity": "sha512-7bDUWWouF+8JEkrJ7kou54Y7MFv0CWx1TvN1TVfaBmNtBM1nNNn2IqS0B7dSMhyf8bZZENs8GKLGe1rbPZGhQg=="
    }
  }
}
